
Microsoft Visual Studio Solution File, Format Version 12.00
# Visual Studio 15
VisualStudioVersion = 15.0.26403.7
MinimumVisualStudioVersion = 10.0.40219.1
Project("{FAE04EC0-301F-11D3-BF4B-00C04F79EFBC}") = "eWallet.Android", "eWallet.Android\eWallet.Android.csproj", "{A4096F71-8471-499A-9BD9-E438AB91A04F}"
EndProject
Project("{FAE04EC0-301F-11D3-BF4B-00C04F79EFBC}") = "eWallet", "eWallet\eWallet.csproj", "{056B528A-5A62-478F-A4DC-838EEF672075}"
EndProject
Project("{FAE04EC0-301F-11D3-BF4B-00C04F79EFBC}") = "eWallet.UWP", "eWallet.UWP\eWallet.UWP.csproj", "{1E460A8A-7C0C-4301-8BFB-CD1189834BB7}"
EndProject
Project("{FAE04EC0-301F-11D3-BF4B-00C04F79EFBC}") = "eWallet.iOS", "eWallet.iOS\eWallet.iOS.csproj", "{E7BD49C1-8F04-4957-B061-D2EC7CCCB38A}"
EndProject
Global
	GlobalSection(SolutionConfigurationPlatforms) = preSolution
		Ad-Hoc|Any CPU = Ad-Hoc|Any CPU
		Ad-Hoc|ARM = Ad-Hoc|ARM
		Ad-Hoc|iPhone = Ad-Hoc|iPhone
		Ad-Hoc|iPhoneSimulator = Ad-Hoc|iPhoneSimulator
		Ad-Hoc|x64 = Ad-Hoc|x64
		Ad-Hoc|x86 = Ad-Hoc|x86
		AppStore|Any CPU = AppStore|Any CPU
		AppStore|ARM = AppStore|ARM
		AppStore|iPhone = AppStore|iPhone
		AppStore|iPhoneSimulator = AppStore|iPhoneSimulator
		AppStore|x64 = AppStore|x64
		AppStore|x86 = AppStore|x86
		Debug|Any CPU = Debug|Any CPU
		Debug|ARM = Debug|ARM
		Debug|iPhone = Debug|iPhone
		Debug|iPhoneSimulator = Debug|iPhoneSimulator
		Debug|x64 = Debug|x64
		Debug|x86 = Debug|x86
		Release|Any CPU = Release|Any CPU
		Release|ARM = Release|ARM
		Release|iPhone = Release|iPhone
		Release|iPhoneSimulator = Release|iPhoneSimulator
		Release|x64 = Release|x64
		Release|x86 = Release|x86
	EndGlobalSection
	GlobalSection(ProjectConfigurationPlatforms) = postSolution
		{A4096F71-8471-499A-9BD9-E438AB91A04F}.Ad-Hoc|Any CPU.ActiveCfg = Release|Any CPU
		{A4096F71-8471-499A-9BD9-E438AB91A04F}.Ad-Hoc|Any CPU.Build.0 = Release|Any CPU
		{A4096F71-8471-499A-9BD9-E438AB91A04F}.Ad-Hoc|Any CPU.Deploy.0 = Release|Any CPU
		{A4096F71-8471-499A-9BD9-E438AB91A04F}.Ad-Hoc|ARM.ActiveCfg = Release|Any CPU
		{A4096F71-8471-499A-9BD9-E438AB91A04F}.Ad-Hoc|ARM.Build.0 = Release|Any CPU
		{A4096F71-8471-499A-9BD9-E438AB91A04F}.Ad-Hoc|ARM.Deploy.0 = Release|Any CPU
		{A4096F71-8471-499A-9BD9-E438AB91A04F}.Ad-Hoc|iPhone.ActiveCfg = Release|Any CPU
		{A4096F71-8471-499A-9BD9-E438AB91A04F}.Ad-Hoc|iPhone.Build.0 = Release|Any CPU
		{A4096F71-8471-499A-9BD9-E438AB91A04F}.Ad-Hoc|iPhone.Deploy.0 = Release|Any CPU
		{A4096F71-8471-499A-9BD9-E438AB91A04F}.Ad-Hoc|iPhoneSimulator.ActiveCfg = Release|Any CPU
		{A4096F71-8471-499A-9BD9-E438AB91A04F}.Ad-Hoc|iPhoneSimulator.Build.0 = Release|Any CPU
		{A4096F71-8471-499A-9BD9-E438AB91A04F}.Ad-Hoc|iPhoneSimulator.Deploy.0 = Release|Any CPU
		{A4096F71-8471-499A-9BD9-E438AB91A04F}.Ad-Hoc|x64.ActiveCfg = Release|Any CPU
		{A4096F71-8471-499A-9BD9-E438AB91A04F}.Ad-Hoc|x64.Build.0 = Release|Any CPU
		{A4096F71-8471-499A-9BD9-E438AB91A04F}.Ad-Hoc|x64.Deploy.0 = Release|Any CPU
		{A4096F71-8471-499A-9BD9-E438AB91A04F}.Ad-Hoc|x86.ActiveCfg = Release|Any CPU
		{A4096F71-8471-499A-9BD9-E438AB91A04F}.Ad-Hoc|x86.Build.0 = Release|Any CPU
		{A4096F71-8471-499A-9BD9-E438AB91A04F}.Ad-Hoc|x86.Deploy.0 = Release|Any CPU
		{A4096F71-8471-499A-9BD9-E438AB91A04F}.AppStore|Any CPU.ActiveCfg = Release|Any CPU
		{A4096F71-8471-499A-9BD9-E438AB91A04F}.AppStore|Any CPU.Build.0 = Release|Any CPU
		{A4096F71-8471-499A-9BD9-E438AB91A04F}.AppStore|Any CPU.Deploy.0 = Release|Any CPU
		{A4096F71-8471-499A-9BD9-E438AB91A04F}.AppStore|ARM.ActiveCfg = Release|Any CPU
		{A4096F71-8471-499A-9BD9-E438AB91A04F}.AppStore|ARM.Build.0 = Release|Any CPU
		{A4096F71-8471-499A-9BD9-E438AB91A04F}.AppStore|ARM.Deploy.0 = Release|Any CPU
		{A4096F71-8471-499A-9BD9-E438AB91A04F}.AppStore|iPhone.ActiveCfg = Release|Any CPU
		{A4096F71-8471-499A-9BD9-E438AB91A04F}.AppStore|iPhone.Build.0 = Release|Any CPU
		{A4096F71-8471-499A-9BD9-E438AB91A04F}.AppStore|iPhone.Deploy.0 = Release|Any CPU
		{A4096F71-8471-499A-9BD9-E438AB91A04F}.AppStore|iPhoneSimulator.ActiveCfg = Release|Any CPU
		{A4096F71-8471-499A-9BD9-E438AB91A04F}.AppStore|iPhoneSimulator.Build.0 = Release|Any CPU
		{A4096F71-8471-499A-9BD9-E438AB91A04F}.AppStore|iPhoneSimulator.Deploy.0 = Release|Any CPU
		{A4096F71-8471-499A-9BD9-E438AB91A04F}.AppStore|x64.ActiveCfg = Release|Any CPU
		{A4096F71-8471-499A-9BD9-E438AB91A04F}.AppStore|x64.Build.0 = Release|Any CPU
		{A4096F71-8471-499A-9BD9-E438AB91A04F}.AppStore|x64.Deploy.0 = Release|Any CPU
		{A4096F71-8471-499A-9BD9-E438AB91A04F}.AppStore|x86.ActiveCfg = Release|Any CPU
		{A4096F71-8471-499A-9BD9-E438AB91A04F}.AppStore|x86.Build.0 = Release|Any CPU
		{A4096F71-8471-499A-9BD9-E438AB91A04F}.AppStore|x86.Deploy.0 = Release|Any CPU
		{A4096F71-8471-499A-9BD9-E438AB91A04F}.Debug|Any CPU.ActiveCfg = Debug|Any CPU
		{A4096F71-8471-499A-9BD9-E438AB91A04F}.Debug|Any CPU.Build.0 = Debug|Any CPU
		{A4096F71-8471-499A-9BD9-E438AB91A04F}.Debug|Any CPU.Deploy.0 = Debug|Any CPU
		{A4096F71-8471-499A-9BD9-E438AB91A04F}.Debug|ARM.ActiveCfg = Debug|Any CPU
		{A4096F71-8471-499A-9BD9-E438AB91A04F}.Debug|ARM.Build.0 = Debug|Any CPU
		{A4096F71-8471-499A-9BD9-E438AB91A04F}.Debug|ARM.Deploy.0 = Debug|Any CPU
		{A4096F71-8471-499A-9BD9-E438AB91A04F}.Debug|iPhone.ActiveCfg = Debug|Any CPU
		{A4096F71-8471-499A-9BD9-E438AB91A04F}.Debug|iPhone.Build.0 = Debug|Any CPU
		{A4096F71-8471-499A-9BD9-E438AB91A04F}.Debug|iPhone.Deploy.0 = Debug|Any CPU
		{A4096F71-8471-499A-9BD9-E438AB91A04F}.Debug|iPhoneSimulator.ActiveCfg = Debug|Any CPU
		{A4096F71-8471-499A-9BD9-E438AB91A04F}.Debug|iPhoneSimulator.Build.0 = Debug|Any CPU
		{A4096F71-8471-499A-9BD9-E438AB91A04F}.Debug|iPhoneSimulator.Deploy.0 = Debug|Any CPU
		{A4096F71-8471-499A-9BD9-E438AB91A04F}.Debug|x64.ActiveCfg = Debug|Any CPU
		{A4096F71-8471-499A-9BD9-E438AB91A04F}.Debug|x64.Build.0 = Debug|Any CPU
		{A4096F71-8471-499A-9BD9-E438AB91A04F}.Debug|x64.Deploy.0 = Debug|Any CPU
		{A4096F71-8471-499A-9BD9-E438AB91A04F}.Debug|x86.ActiveCfg = Debug|Any CPU
		{A4096F71-8471-499A-9BD9-E438AB91A04F}.Debug|x86.Build.0 = Debug|Any CPU
		{A4096F71-8471-499A-9BD9-E438AB91A04F}.Debug|x86.Deploy.0 = Debug|Any CPU
		{A4096F71-8471-499A-9BD9-E438AB91A04F}.Release|Any CPU.ActiveCfg = Release|Any CPU
		{A4096F71-8471-499A-9BD9-E438AB91A04F}.Release|Any CPU.Build.0 = Release|Any CPU
		{A4096F71-8471-499A-9BD9-E438AB91A04F}.Release|Any CPU.Deploy.0 = Release|Any CPU
		{A4096F71-8471-499A-9BD9-E438AB91A04F}.Release|ARM.ActiveCfg = Release|Any CPU
		{A4096F71-8471-499A-9BD9-E438AB91A04F}.Release|ARM.Build.0 = Release|Any CPU
		{A4096F71-8471-499A-9BD9-E438AB91A04F}.Release|ARM.Deploy.0 = Release|Any CPU
		{A4096F71-8471-499A-9BD9-E438AB91A04F}.Release|iPhone.ActiveCfg = Release|Any CPU
		{A4096F71-8471-499A-9BD9-E438AB91A04F}.Release|iPhone.Build.0 = Release|Any CPU
		{A4096F71-8471-499A-9BD9-E438AB91A04F}.Release|iPhone.Deploy.0 = Release|Any CPU
		{A4096F71-8471-499A-9BD9-E438AB91A04F}.Release|iPhoneSimulator.ActiveCfg = Release|Any CPU
		{A4096F71-8471-499A-9BD9-E438AB91A04F}.Release|iPhoneSimulator.Build.0 = Release|Any CPU
		{A4096F71-8471-499A-9BD9-E438AB91A04F}.Release|iPhoneSimulator.Deploy.0 = Release|Any CPU
		{A4096F71-8471-499A-9BD9-E438AB91A04F}.Release|x64.ActiveCfg = Release|Any CPU
		{A4096F71-8471-499A-9BD9-E438AB91A04F}.Release|x64.Build.0 = Release|Any CPU
		{A4096F71-8471-499A-9BD9-E438AB91A04F}.Release|x64.Deploy.0 = Release|Any CPU
		{A4096F71-8471-499A-9BD9-E438AB91A04F}.Release|x86.ActiveCfg = Release|Any CPU
		{A4096F71-8471-499A-9BD9-E438AB91A04F}.Release|x86.Build.0 = Release|Any CPU
		{A4096F71-8471-499A-9BD9-E438AB91A04F}.Release|x86.Deploy.0 = Release|Any CPU
		{056B528A-5A62-478F-A4DC-838EEF672075}.Ad-Hoc|Any CPU.ActiveCfg = Release|Any CPU
		{056B528A-5A62-478F-A4DC-838EEF672075}.Ad-Hoc|Any CPU.Build.0 = Release|Any CPU
		{056B528A-5A62-478F-A4DC-838EEF672075}.Ad-Hoc|ARM.ActiveCfg = Release|Any CPU
		{056B528A-5A62-478F-A4DC-838EEF672075}.Ad-Hoc|ARM.Build.0 = Release|Any CPU
		{056B528A-5A62-478F-A4DC-838EEF672075}.Ad-Hoc|iPhone.ActiveCfg = Release|Any CPU
		{056B528A-5A62-478F-A4DC-838EEF672075}.Ad-Hoc|iPhone.Build.0 = Release|Any CPU
		{056B528A-5A62-478F-A4DC-838EEF672075}.Ad-Hoc|iPhoneSimulator.ActiveCfg = Release|Any CPU
		{056B528A-5A62-478F-A4DC-838EEF672075}.Ad-Hoc|iPhoneSimulator.Build.0 = Release|Any CPU
		{056B528A-5A62-478F-A4DC-838EEF672075}.Ad-Hoc|x64.ActiveCfg = Release|Any CPU
		{056B528A-5A62-478F-A4DC-838EEF672075}.Ad-Hoc|x64.Build.0 = Release|Any CPU
		{056B528A-5A62-478F-A4DC-838EEF672075}.Ad-Hoc|x86.ActiveCfg = Release|Any CPU
		{056B528A-5A62-478F-A4DC-838EEF672075}.Ad-Hoc|x86.Build.0 = Release|Any CPU
		{056B528A-5A62-478F-A4DC-838EEF672075}.AppStore|Any CPU.ActiveCfg = Release|Any CPU
		{056B528A-5A62-478F-A4DC-838EEF672075}.AppStore|Any CPU.Build.0 = Release|Any CPU
		{056B528A-5A62-478F-A4DC-838EEF672075}.AppStore|ARM.ActiveCfg = Release|Any CPU
		{056B528A-5A62-478F-A4DC-838EEF672075}.AppStore|ARM.Build.0 = Release|Any CPU
		{056B528A-5A62-478F-A4DC-838EEF672075}.AppStore|iPhone.ActiveCfg = Release|Any CPU
		{056B528A-5A62-478F-A4DC-838EEF672075}.AppStore|iPhone.Build.0 = Release|Any CPU
		{056B528A-5A62-478F-A4DC-838EEF672075}.AppStore|iPhoneSimulator.ActiveCfg = Release|Any CPU
		{056B528A-5A62-478F-A4DC-838EEF672075}.AppStore|iPhoneSimulator.Build.0 = Release|Any CPU
		{056B528A-5A62-478F-A4DC-838EEF672075}.AppStore|x64.ActiveCfg = Release|Any CPU
		{056B528A-5A62-478F-A4DC-838EEF672075}.AppStore|x64.Build.0 = Release|Any CPU
		{056B528A-5A62-478F-A4DC-838EEF672075}.AppStore|x86.ActiveCfg = Release|Any CPU
		{056B528A-5A62-478F-A4DC-838EEF672075}.AppStore|x86.Build.0 = Release|Any CPU
		{056B528A-5A62-478F-A4DC-838EEF672075}.Debug|Any CPU.ActiveCfg = Debug|Any CPU
		{056B528A-5A62-478F-A4DC-838EEF672075}.Debug|Any CPU.Build.0 = Debug|Any CPU
		{056B528A-5A62-478F-A4DC-838EEF672075}.Debug|ARM.ActiveCfg = Debug|Any CPU
		{056B528A-5A62-478F-A4DC-838EEF672075}.Debug|ARM.Build.0 = Debug|Any CPU
		{056B528A-5A62-478F-A4DC-838EEF672075}.Debug|iPhone.ActiveCfg = Debug|Any CPU
		{056B528A-5A62-478F-A4DC-838EEF672075}.Debug|iPhone.Build.0 = Debug|Any CPU
		{056B528A-5A62-478F-A4DC-838EEF672075}.Debug|iPhoneSimulator.ActiveCfg = Debug|Any CPU
		{056B528A-5A62-478F-A4DC-838EEF672075}.Debug|iPhoneSimulator.Build.0 = Debug|Any CPU
		{056B528A-5A62-478F-A4DC-838EEF672075}.Debug|x64.ActiveCfg = Debug|Any CPU
		{056B528A-5A62-478F-A4DC-838EEF672075}.Debug|x64.Build.0 = Debug|Any CPU
		{056B528A-5A62-478F-A4DC-838EEF672075}.Debug|x86.ActiveCfg = Debug|Any CPU
		{056B528A-5A62-478F-A4DC-838EEF672075}.Debug|x86.Build.0 = Debug|Any CPU
		{056B528A-5A62-478F-A4DC-838EEF672075}.Release|Any CPU.ActiveCfg = Release|Any CPU
		{056B528A-5A62-478F-A4DC-838EEF672075}.Release|Any CPU.Build.0 = Release|Any CPU
		{056B528A-5A62-478F-A4DC-838EEF672075}.Release|ARM.ActiveCfg = Release|Any CPU
		{056B528A-5A62-478F-A4DC-838EEF672075}.Release|ARM.Build.0 = Release|Any CPU
		{056B528A-5A62-478F-A4DC-838EEF672075}.Release|iPhone.ActiveCfg = Release|Any CPU
		{056B528A-5A62-478F-A4DC-838EEF672075}.Release|iPhone.Build.0 = Release|Any CPU
		{056B528A-5A62-478F-A4DC-838EEF672075}.Release|iPhoneSimulator.ActiveCfg = Release|Any CPU
		{056B528A-5A62-478F-A4DC-838EEF672075}.Release|iPhoneSimulator.Build.0 = Release|Any CPU
		{056B528A-5A62-478F-A4DC-838EEF672075}.Release|x64.ActiveCfg = Release|Any CPU
		{056B528A-5A62-478F-A4DC-838EEF672075}.Release|x64.Build.0 = Release|Any CPU
		{056B528A-5A62-478F-A4DC-838EEF672075}.Release|x86.ActiveCfg = Release|Any CPU
		{056B528A-5A62-478F-A4DC-838EEF672075}.Release|x86.Build.0 = Release|Any CPU
		{1E460A8A-7C0C-4301-8BFB-CD1189834BB7}.Ad-Hoc|Any CPU.ActiveCfg = Release|x86
		{1E460A8A-7C0C-4301-8BFB-CD1189834BB7}.Ad-Hoc|Any CPU.Build.0 = Release|x86
		{1E460A8A-7C0C-4301-8BFB-CD1189834BB7}.Ad-Hoc|Any CPU.Deploy.0 = Release|x86
		{1E460A8A-7C0C-4301-8BFB-CD1189834BB7}.Ad-Hoc|ARM.ActiveCfg = Release|ARM
		{1E460A8A-7C0C-4301-8BFB-CD1189834BB7}.Ad-Hoc|ARM.Build.0 = Release|ARM
		{1E460A8A-7C0C-4301-8BFB-CD1189834BB7}.Ad-Hoc|ARM.Deploy.0 = Release|ARM
		{1E460A8A-7C0C-4301-8BFB-CD1189834BB7}.Ad-Hoc|iPhone.ActiveCfg = Release|x86
		{1E460A8A-7C0C-4301-8BFB-CD1189834BB7}.Ad-Hoc|iPhone.Build.0 = Release|x86
		{1E460A8A-7C0C-4301-8BFB-CD1189834BB7}.Ad-Hoc|iPhone.Deploy.0 = Release|x86
		{1E460A8A-7C0C-4301-8BFB-CD1189834BB7}.Ad-Hoc|iPhoneSimulator.ActiveCfg = Release|x86
		{1E460A8A-7C0C-4301-8BFB-CD1189834BB7}.Ad-Hoc|iPhoneSimulator.Build.0 = Release|x86
		{1E460A8A-7C0C-4301-8BFB-CD1189834BB7}.Ad-Hoc|iPhoneSimulator.Deploy.0 = Release|x86
		{1E460A8A-7C0C-4301-8BFB-CD1189834BB7}.Ad-Hoc|x64.ActiveCfg = Release|x64
		{1E460A8A-7C0C-4301-8BFB-CD1189834BB7}.Ad-Hoc|x64.Build.0 = Release|x64
		{1E460A8A-7C0C-4301-8BFB-CD1189834BB7}.Ad-Hoc|x64.Deploy.0 = Release|x64
		{1E460A8A-7C0C-4301-8BFB-CD1189834BB7}.Ad-Hoc|x86.ActiveCfg = Release|x86
		{1E460A8A-7C0C-4301-8BFB-CD1189834BB7}.Ad-Hoc|x86.Build.0 = Release|x86
		{1E460A8A-7C0C-4301-8BFB-CD1189834BB7}.Ad-Hoc|x86.Deploy.0 = Release|x86
		{1E460A8A-7C0C-4301-8BFB-CD1189834BB7}.AppStore|Any CPU.ActiveCfg = Release|x86
		{1E460A8A-7C0C-4301-8BFB-CD1189834BB7}.AppStore|Any CPU.Build.0 = Release|x86
		{1E460A8A-7C0C-4301-8BFB-CD1189834BB7}.AppStore|Any CPU.Deploy.0 = Release|x86
		{1E460A8A-7C0C-4301-8BFB-CD1189834BB7}.AppStore|ARM.ActiveCfg = Release|ARM
		{1E460A8A-7C0C-4301-8BFB-CD1189834BB7}.AppStore|ARM.Build.0 = Release|ARM
		{1E460A8A-7C0C-4301-8BFB-CD1189834BB7}.AppStore|ARM.Deploy.0 = Release|ARM
		{1E460A8A-7C0C-4301-8BFB-CD1189834BB7}.AppStore|iPhone.ActiveCfg = Release|x86
		{1E460A8A-7C0C-4301-8BFB-CD1189834BB7}.AppStore|iPhone.Build.0 = Release|x86
		{1E460A8A-7C0C-4301-8BFB-CD1189834BB7}.AppStore|iPhone.Deploy.0 = Release|x86
		{1E460A8A-7C0C-4301-8BFB-CD1189834BB7}.AppStore|iPhoneSimulator.ActiveCfg = Release|x86
		{1E460A8A-7C0C-4301-8BFB-CD1189834BB7}.AppStore|iPhoneSimulator.Build.0 = Release|x86
		{1E460A8A-7C0C-4301-8BFB-CD1189834BB7}.AppStore|iPhoneSimulator.Deploy.0 = Release|x86
		{1E460A8A-7C0C-4301-8BFB-CD1189834BB7}.AppStore|x64.ActiveCfg = Release|x64
		{1E460A8A-7C0C-4301-8BFB-CD1189834BB7}.AppStore|x64.Build.0 = Release|x64
		{1E460A8A-7C0C-4301-8BFB-CD1189834BB7}.AppStore|x64.Deploy.0 = Release|x64
		{1E460A8A-7C0C-4301-8BFB-CD1189834BB7}.AppStore|x86.ActiveCfg = Release|x86
		{1E460A8A-7C0C-4301-8BFB-CD1189834BB7}.AppStore|x86.Build.0 = Release|x86
		{1E460A8A-7C0C-4301-8BFB-CD1189834BB7}.AppStore|x86.Deploy.0 = Release|x86
		{1E460A8A-7C0C-4301-8BFB-CD1189834BB7}.Debug|Any CPU.ActiveCfg = Debug|x86
		{1E460A8A-7C0C-4301-8BFB-CD1189834BB7}.Debug|ARM.ActiveCfg = Debug|ARM
		{1E460A8A-7C0C-4301-8BFB-CD1189834BB7}.Debug|ARM.Build.0 = Debug|ARM
		{1E460A8A-7C0C-4301-8BFB-CD1189834BB7}.Debug|ARM.Deploy.0 = Debug|ARM
		{1E460A8A-7C0C-4301-8BFB-CD1189834BB7}.Debug|iPhone.ActiveCfg = Debug|x86
		{1E460A8A-7C0C-4301-8BFB-CD1189834BB7}.Debug|iPhoneSimulator.ActiveCfg = Debug|x86
		{1E460A8A-7C0C-4301-8BFB-CD1189834BB7}.Debug|x64.ActiveCfg = Debug|x64
		{1E460A8A-7C0C-4301-8BFB-CD1189834BB7}.Debug|x64.Build.0 = Debug|x64
		{1E460A8A-7C0C-4301-8BFB-CD1189834BB7}.Debug|x64.Deploy.0 = Debug|x64
		{1E460A8A-7C0C-4301-8BFB-CD1189834BB7}.Debug|x86.ActiveCfg = Debug|x86
		{1E460A8A-7C0C-4301-8BFB-CD1189834BB7}.Debug|x86.Build.0 = Debug|x86
		{1E460A8A-7C0C-4301-8BFB-CD1189834BB7}.Debug|x86.Deploy.0 = Debug|x86
		{1E460A8A-7C0C-4301-8BFB-CD1189834BB7}.Release|Any CPU.ActiveCfg = Release|x86
		{1E460A8A-7C0C-4301-8BFB-CD1189834BB7}.Release|ARM.ActiveCfg = Release|ARM
		{1E460A8A-7C0C-4301-8BFB-CD1189834BB7}.Release|ARM.Build.0 = Release|ARM
		{1E460A8A-7C0C-4301-8BFB-CD1189834BB7}.Release|ARM.Deploy.0 = Release|ARM
		{1E460A8A-7C0C-4301-8BFB-CD1189834BB7}.Release|iPhone.ActiveCfg = Release|x86
		{1E460A8A-7C0C-4301-8BFB-CD1189834BB7}.Release|iPhoneSimulator.ActiveCfg = Release|x86
		{1E460A8A-7C0C-4301-8BFB-CD1189834BB7}.Release|x64.ActiveCfg = Release|x64
		{1E460A8A-7C0C-4301-8BFB-CD1189834BB7}.Release|x64.Build.0 = Release|x64
		{1E460A8A-7C0C-4301-8BFB-CD1189834BB7}.Release|x64.Deploy.0 = Release|x64
		{1E460A8A-7C0C-4301-8BFB-CD1189834BB7}.Release|x86.ActiveCfg = Release|x86
		{1E460A8A-7C0C-4301-8BFB-CD1189834BB7}.Release|x86.Build.0 = Release|x86
		{1E460A8A-7C0C-4301-8BFB-CD1189834BB7}.Release|x86.Deploy.0 = Release|x86
		{E7BD49C1-8F04-4957-B061-D2EC7CCCB38A}.Ad-Hoc|Any CPU.ActiveCfg = Ad-Hoc|iPhone
		{E7BD49C1-8F04-4957-B061-D2EC7CCCB38A}.Ad-Hoc|ARM.ActiveCfg = Ad-Hoc|iPhone
		{E7BD49C1-8F04-4957-B061-D2EC7CCCB38A}.Ad-Hoc|iPhone.ActiveCfg = Ad-Hoc|iPhone
		{E7BD49C1-8F04-4957-B061-D2EC7CCCB38A}.Ad-Hoc|iPhone.Build.0 = Ad-Hoc|iPhone
		{E7BD49C1-8F04-4957-B061-D2EC7CCCB38A}.Ad-Hoc|iPhoneSimulator.ActiveCfg = Ad-Hoc|iPhoneSimulator
		{E7BD49C1-8F04-4957-B061-D2EC7CCCB38A}.Ad-Hoc|iPhoneSimulator.Build.0 = Ad-Hoc|iPhoneSimulator
		{E7BD49C1-8F04-4957-B061-D2EC7CCCB38A}.Ad-Hoc|x64.ActiveCfg = Ad-Hoc|iPhone
		{E7BD49C1-8F04-4957-B061-D2EC7CCCB38A}.Ad-Hoc|x86.ActiveCfg = Ad-Hoc|iPhone
		{E7BD49C1-8F04-4957-B061-D2EC7CCCB38A}.AppStore|Any CPU.ActiveCfg = AppStore|iPhone
		{E7BD49C1-8F04-4957-B061-D2EC7CCCB38A}.AppStore|ARM.ActiveCfg = AppStore|iPhone
		{E7BD49C1-8F04-4957-B061-D2EC7CCCB38A}.AppStore|iPhone.ActiveCfg = AppStore|iPhone
		{E7BD49C1-8F04-4957-B061-D2EC7CCCB38A}.AppStore|iPhone.Build.0 = AppStore|iPhone
		{E7BD49C1-8F04-4957-B061-D2EC7CCCB38A}.AppStore|iPhoneSimulator.ActiveCfg = AppStore|iPhoneSimulator
		{E7BD49C1-8F04-4957-B061-D2EC7CCCB38A}.AppStore|iPhoneSimulator.Build.0 = AppStore|iPhoneSimulator
		{E7BD49C1-8F04-4957-B061-D2EC7CCCB38A}.AppStore|x64.ActiveCfg = AppStore|iPhone
		{E7BD49C1-8F04-4957-B061-D2EC7CCCB38A}.AppStore|x86.ActiveCfg = AppStore|iPhone
		{E7BD49C1-8F04-4957-B061-D2EC7CCCB38A}.Debug|Any CPU.ActiveCfg = Debug|iPhone
		{E7BD49C1-8F04-4957-B061-D2EC7CCCB38A}.Debug|ARM.ActiveCfg = Debug|iPhone
		{E7BD49C1-8F04-4957-B061-D2EC7CCCB38A}.Debug|iPhone.ActiveCfg = Debug|iPhone
		{E7BD49C1-8F04-4957-B061-D2EC7CCCB38A}.Debug|iPhone.Build.0 = Debug|iPhone
		{E7BD49C1-8F04-4957-B061-D2EC7CCCB38A}.Debug|iPhoneSimulator.ActiveCfg = Debug|iPhoneSimulator
		{E7BD49C1-8F04-4957-B061-D2EC7CCCB38A}.Debug|iPhoneSimulator.Build.0 = Debug|iPhoneSimulator
		{E7BD49C1-8F04-4957-B061-D2EC7CCCB38A}.Debug|x64.ActiveCfg = Debug|iPhone
		{E7BD49C1-8F04-4957-B061-D2EC7CCCB38A}.Debug|x86.ActiveCfg = Debug|iPhone
		{E7BD49C1-8F04-4957-B061-D2EC7CCCB38A}.Release|Any CPU.ActiveCfg = Release|iPhone
		{E7BD49C1-8F04-4957-B061-D2EC7CCCB38A}.Release|ARM.ActiveCfg = Release|iPhone
		{E7BD49C1-8F04-4957-B061-D2EC7CCCB38A}.Release|iPhone.ActiveCfg = Release|iPhone
		{E7BD49C1-8F04-4957-B061-D2EC7CCCB38A}.Release|iPhone.Build.0 = Release|iPhone
		{E7BD49C1-8F04-4957-B061-D2EC7CCCB38A}.Release|iPhoneSimulator.ActiveCfg = Release|iPhoneSimulator
		{E7BD49C1-8F04-4957-B061-D2EC7CCCB38A}.Release|iPhoneSimulator.Build.0 = Release|iPhoneSimulator
		{E7BD49C1-8F04-4957-B061-D2EC7CCCB38A}.Release|x64.ActiveCfg = Release|iPhone
		{E7BD49C1-8F04-4957-B061-D2EC7CCCB38A}.Release|x86.ActiveCfg = Release|iPhone
	EndGlobalSection
	GlobalSection(SolutionProperties) = preSolution
		HideSolutionNode = FALSE
	EndGlobalSection
EndGlobal
